
Microsoft Visual Studio Solution File, Format Version 12.00
# Visual Studio Version 17
VisualStudioVersion = 17.3.32929.385
MinimumVisualStudioVersion = 10.0.40219.1
Project("{FAE04EC0-301F-11D3-BF4B-00C04F79EFBC}") = "menudangnhap", "menudangnhap\menudangnhap.csproj", "{D0F995D1-ACFA-47BF-B039-52B29881F790}"
EndProject
Global
	GlobalSection(SolutionConfigurationPlatforms) = preSolution
		Debug|Any CPU = Debug|Any CPU
		Release|Any CPU = Release|Any CPU
	EndGlobalSection
	GlobalSection(ProjectConfigurationPlatforms) = postSolution
		{D0F995D1-ACFA-47BF-B039-52B29881F790}.Debug|Any CPU.ActiveCfg = Debug|Any CPU
		{D0F995D1-ACFA-47BF-B039-52B29881F790}.Debug|Any CPU.Build.0 = Debug|Any CPU
		{D0F995D1-ACFA-47BF-B039-52B29881F790}.Release|Any CPU.ActiveCfg = Release|Any CPU
		{D0F995D1-ACFA-47BF-B039-52B29881F790}.Release|Any CPU.Build.0 = Release|Any CPU
	EndGlobalSection
	GlobalSection(SolutionProperties) = preSolution
		HideSolutionNode = FALSE
	EndGlobalSection
	GlobalSection(ExtensibilityGlobals) = postSolution
		SolutionGuid = {AC22B605-3164-44E2-A489-A366E2EDC06C}
	EndGlobalSection
EndGlobal
