
Microsoft Visual Studio Solution File, Format Version 12.00
# Visual Studio Version 17
VisualStudioVersion = 17.3.32929.385
MinimumVisualStudioVersion = 10.0.40219.1
Project("{FAE04EC0-301F-11D3-BF4B-00C04F79EFBC}") = "menu", "menu\menu.csproj", "{62CE8862-4570-4169-93BC-198C83677EF6}"
EndProject
Global
	GlobalSection(SolutionConfigurationPlatforms) = preSolution
		Debug|Any CPU = Debug|Any CPU
		Release|Any CPU = Release|Any CPU
	EndGlobalSection
	GlobalSection(ProjectConfigurationPlatforms) = postSolution
		{62CE8862-4570-4169-93BC-198C83677EF6}.Debug|Any CPU.ActiveCfg = Debug|Any CPU
		{62CE8862-4570-4169-93BC-198C83677EF6}.Debug|Any CPU.Build.0 = Debug|Any CPU
		{62CE8862-4570-4169-93BC-198C83677EF6}.Release|Any CPU.ActiveCfg = Release|Any CPU
		{62CE8862-4570-4169-93BC-198C83677EF6}.Release|Any CPU.Build.0 = Release|Any CPU
	EndGlobalSection
	GlobalSection(SolutionProperties) = preSolution
		HideSolutionNode = FALSE
	EndGlobalSection
	GlobalSection(ExtensibilityGlobals) = postSolution
		SolutionGuid = {2E261B10-142B-4A27-8109-41BD76B3B92B}
	EndGlobalSection
EndGlobal
